
Microsoft Visual Studio Solution File, Format Version 12.00
# Visual Studio Version 17
VisualStudioVersion = 17.0.31903.59
MinimumVisualStudioVersion = 10.0.40219.1
Project("{2150E333-8FDC-42A3-9474-1A3956D46DE8}") = "src", "src", "{827E0CD3-B72D-47B6-A68D-7590B98EB39B}"
EndProject
Project("{FAE04EC0-301F-11D3-BF4B-00C04F79EFBC}") = "MayaPro.WarehouseApi.Api", "src\MayaPro.WarehouseApi.Api\MayaPro.WarehouseApi.Api.csproj", "{FFA41B22-DEEC-40BA-964C-00CE2C707DC5}"
EndProject
Project("{FAE04EC0-301F-11D3-BF4B-00C04F79EFBC}") = "MayaPro.WarehouseApi.SharedKernel", "src\MayaPro.WarehouseApi.SharedKernel\MayaPro.WarehouseApi.SharedKernel.csproj", "{34D3E285-A53A-4F67-B1CD-8A7028AAFD1A}"
EndProject
Project("{FAE04EC0-301F-11D3-BF4B-00C04F79EFBC}") = "MayaPro.WarehouseApi.IntegrationTests", "tests\MayaPro.WarehouseApi.IntegrationTests\MayaPro.WarehouseApi.IntegrationTests.csproj", "{205B1BF4-5144-451D-8871-D333E02726C8}"
EndProject
Project("{2150E333-8FDC-42A3-9474-1A3956D46DE8}") = "Modules", "Modules", "{EC447DCF-ABFA-6E24-52A5-D7FD48A5C558}"
EndProject
Project("{FAE04EC0-301F-11D3-BF4B-00C04F79EFBC}") = "MayaPro.WarehouseApi.Modules.Auth", "src\Modules\MayaPro.WarehouseApi.Modules.Auth\MayaPro.WarehouseApi.Modules.Auth.csproj", "{3E7ED5AC-1F83-4B97-846B-D8C003B88C8D}"
EndProject
Project("{2150E333-8FDC-42A3-9474-1A3956D46DE8}") = "tests", "tests", "{0AB3BF05-4346-4AA6-1389-037BE0695223}"
EndProject
Project("{FAE04EC0-301F-11D3-BF4B-00C04F79EFBC}") = "MayaPro.WarehouseApi.Modules.Auth.Tests", "tests\MayaPro.WarehouseApi.Modules.Auth.Tests\MayaPro.WarehouseApi.Modules.Auth.Tests.csproj", "{81BF2901-DC24-4252-8F1A-BA8F255F83DA}"
EndProject
Project("{2150E333-8FDC-42A3-9474-1A3956D46DE8}") = "Modules", "Modules", "{CA253913-39DE-BFD0-C9A3-4B7EC6FBDF17}"
EndProject
Project("{FAE04EC0-301F-11D3-BF4B-00C04F79EFBC}") = "MayaPro.WarehouseApi.Modules.Products", "src\Modules\MayaPro.WarehouseApi.Modules.Products\MayaPro.WarehouseApi.Modules.Products.csproj", "{EB3DEABE-329B-4EEF-8A2D-6AA23570F434}"
EndProject
Project("{FAE04EC0-301F-11D3-BF4B-00C04F79EFBC}") = "MayaPro.WarehouseApi.Modules.Products.Tests", "tests\MayaPro.WarehouseApi.Modules.Products.Tests\MayaPro.WarehouseApi.Modules.Products.Tests.csproj", "{500944F3-E9BE-44B6-966F-04652695CEAE}"
EndProject
Project("{FAE04EC0-301F-11D3-BF4B-00C04F79EFBC}") = "MayaPro.WarehouseApi.Modules.Customers", "src\Modules\MayaPro.WarehouseApi.Modules.Customers\MayaPro.WarehouseApi.Modules.Customers.csproj", "{FF9911AC-392F-4DF9-A3A3-3A11CBEA37CC}"
EndProject
Project("{FAE04EC0-301F-11D3-BF4B-00C04F79EFBC}") = "MayaPro.WarehouseApi.Modules.Sales", "src\Modules\MayaPro.WarehouseApi.Modules.Sales\MayaPro.WarehouseApi.Modules.Sales.csproj", "{CF8F809B-360E-4E3B-8902-38D03284926A}"
EndProject
Project("{FAE04EC0-301F-11D3-BF4B-00C04F79EFBC}") = "MayaPro.WarehouseApi.Modules.Sales.Tests", "tests\MayaPro.WarehouseApi.Modules.Sales.Tests\MayaPro.WarehouseApi.Modules.Sales.Tests.csproj", "{0F55619E-3F7B-4BC6-8E3F-5F4973DC1625}"
EndProject
Project("{FAE04EC0-301F-11D3-BF4B-00C04F79EFBC}") = "MayaPro.WarehouseApi.Modules.Customers.Tests", "tests\MayaPro.WarehouseApi.Modules.Customers.Tests\MayaPro.WarehouseApi.Modules.Customers.Tests.csproj", "{8FBA4A16-FCD7-4A6E-8096-2A583644D28B}"
EndProject
Project("{FAE04EC0-301F-11D3-BF4B-00C04F79EFBC}") = "MayaPro.WarehouseApi.Modules.Suppliers", "src\Modules\MayaPro.WarehouseApi.Modules.Suppliers\MayaPro.WarehouseApi.Modules.Suppliers.csproj", "{8591C647-D340-4078-9591-158ABA2DE729}"
EndProject
Project("{FAE04EC0-301F-11D3-BF4B-00C04F79EFBC}") = "MayaPro.WarehouseApi.Modules.Expenses", "src\Modules\MayaPro.WarehouseApi.Modules.Expenses\MayaPro.WarehouseApi.Modules.Expenses.csproj", "{95A5650E-B991-40CD-AE77-5ACD7C1763A2}"
EndProject
Project("{FAE04EC0-301F-11D3-BF4B-00C04F79EFBC}") = "MayaPro.WarehouseApi.Modules.Suppliers.Tests", "tests\MayaPro.WarehouseApi.Modules.Suppliers.Tests\MayaPro.WarehouseApi.Modules.Suppliers.Tests.csproj", "{0F1A5BAA-F5D4-4802-81F0-B613A4D0E378}"
EndProject
Project("{FAE04EC0-301F-11D3-BF4B-00C04F79EFBC}") = "MayaPro.WarehouseApi.Modules.Expenses.Tests", "tests\MayaPro.WarehouseApi.Modules.Expenses.Tests\MayaPro.WarehouseApi.Modules.Expenses.Tests.csproj", "{7DA631BB-D3AE-44DE-B8E5-ECEC259792E6}"
EndProject
Project("{FAE04EC0-301F-11D3-BF4B-00C04F79EFBC}") = "MayaPro.WarehouseApi.Modules.Activity", "src\Modules\MayaPro.WarehouseApi.Modules.Activity\MayaPro.WarehouseApi.Modules.Activity.csproj", "{5B95FE3E-809C-48B5-AFE2-E57C481C810D}"
EndProject
Project("{FAE04EC0-301F-11D3-BF4B-00C04F79EFBC}") = "MayaPro.WarehouseApi.Modules.DayEnd", "src\Modules\MayaPro.WarehouseApi.Modules.DayEnd\MayaPro.WarehouseApi.Modules.DayEnd.csproj", "{E2B1EF7B-AB97-49C9-8CDF-195F9EED72FF}"
EndProject
Project("{FAE04EC0-301F-11D3-BF4B-00C04F79EFBC}") = "MayaPro.WarehouseApi.Modules.DayEnd.Tests", "tests\MayaPro.WarehouseApi.Modules.DayEnd.Tests\MayaPro.WarehouseApi.Modules.DayEnd.Tests.csproj", "{411BBE3D-8FDD-41A2-A3EC-1300E3DFD1CC}"
EndProject
Project("{FAE04EC0-301F-11D3-BF4B-00C04F79EFBC}") = "MayaPro.WarehouseApi.Modules.Settings", "src\Modules\MayaPro.WarehouseApi.Modules.Settings\MayaPro.WarehouseApi.Modules.Settings.csproj", "{3C78828B-B4F0-4625-A529-52CB9166D352}"
EndProject
Project("{FAE04EC0-301F-11D3-BF4B-00C04F79EFBC}") = "MayaPro.WarehouseApi.Modules.Reports", "src\Modules\MayaPro.WarehouseApi.Modules.Reports\MayaPro.WarehouseApi.Modules.Reports.csproj", "{7871A462-E98B-47E3-B507-972CE6ADF2FF}"
EndProject
Global
	GlobalSection(SolutionConfigurationPlatforms) = preSolution
		Debug|Any CPU = Debug|Any CPU
		Debug|x64 = Debug|x64
		Debug|x86 = Debug|x86
		Release|Any CPU = Release|Any CPU
		Release|x64 = Release|x64
		Release|x86 = Release|x86
	EndGlobalSection
	GlobalSection(ProjectConfigurationPlatforms) = postSolution
		{FFA41B22-DEEC-40BA-964C-00CE2C707DC5}.Debug|Any CPU.ActiveCfg = Debug|Any CPU
		{FFA41B22-DEEC-40BA-964C-00CE2C707DC5}.Debug|Any CPU.Build.0 = Debug|Any CPU
		{FFA41B22-DEEC-40BA-964C-00CE2C707DC5}.Debug|x64.ActiveCfg = Debug|Any CPU
		{FFA41B22-DEEC-40BA-964C-00CE2C707DC5}.Debug|x64.Build.0 = Debug|Any CPU
		{FFA41B22-DEEC-40BA-964C-00CE2C707DC5}.Debug|x86.ActiveCfg = Debug|Any CPU
		{FFA41B22-DEEC-40BA-964C-00CE2C707DC5}.Debug|x86.Build.0 = Debug|Any CPU
		{FFA41B22-DEEC-40BA-964C-00CE2C707DC5}.Release|Any CPU.ActiveCfg = Release|Any CPU
		{FFA41B22-DEEC-40BA-964C-00CE2C707DC5}.Release|Any CPU.Build.0 = Release|Any CPU
		{FFA41B22-DEEC-40BA-964C-00CE2C707DC5}.Release|x64.ActiveCfg = Release|Any CPU
		{FFA41B22-DEEC-40BA-964C-00CE2C707DC5}.Release|x64.Build.0 = Release|Any CPU
		{FFA41B22-DEEC-40BA-964C-00CE2C707DC5}.Release|x86.ActiveCfg = Release|Any CPU
		{FFA41B22-DEEC-40BA-964C-00CE2C707DC5}.Release|x86.Build.0 = Release|Any CPU
		{34D3E285-A53A-4F67-B1CD-8A7028AAFD1A}.Debug|Any CPU.ActiveCfg = Debug|Any CPU
		{34D3E285-A53A-4F67-B1CD-8A7028AAFD1A}.Debug|Any CPU.Build.0 = Debug|Any CPU
		{34D3E285-A53A-4F67-B1CD-8A7028AAFD1A}.Debug|x64.ActiveCfg = Debug|Any CPU
		{34D3E285-A53A-4F67-B1CD-8A7028AAFD1A}.Debug|x64.Build.0 = Debug|Any CPU
		{34D3E285-A53A-4F67-B1CD-8A7028AAFD1A}.Debug|x86.ActiveCfg = Debug|Any CPU
		{34D3E285-A53A-4F67-B1CD-8A7028AAFD1A}.Debug|x86.Build.0 = Debug|Any CPU
		{34D3E285-A53A-4F67-B1CD-8A7028AAFD1A}.Release|Any CPU.ActiveCfg = Release|Any CPU
		{34D3E285-A53A-4F67-B1CD-8A7028AAFD1A}.Release|Any CPU.Build.0 = Release|Any CPU
		{34D3E285-A53A-4F67-B1CD-8A7028AAFD1A}.Release|x64.ActiveCfg = Release|Any CPU
		{34D3E285-A53A-4F67-B1CD-8A7028AAFD1A}.Release|x64.Build.0 = Release|Any CPU
		{34D3E285-A53A-4F67-B1CD-8A7028AAFD1A}.Release|x86.ActiveCfg = Release|Any CPU
		{34D3E285-A53A-4F67-B1CD-8A7028AAFD1A}.Release|x86.Build.0 = Release|Any CPU
		{205B1BF4-5144-451D-8871-D333E02726C8}.Debug|Any CPU.ActiveCfg = Debug|Any CPU
		{205B1BF4-5144-451D-8871-D333E02726C8}.Debug|Any CPU.Build.0 = Debug|Any CPU
		{205B1BF4-5144-451D-8871-D333E02726C8}.Debug|x64.ActiveCfg = Debug|Any CPU
		{205B1BF4-5144-451D-8871-D333E02726C8}.Debug|x64.Build.0 = Debug|Any CPU
		{205B1BF4-5144-451D-8871-D333E02726C8}.Debug|x86.ActiveCfg = Debug|Any CPU
		{205B1BF4-5144-451D-8871-D333E02726C8}.Debug|x86.Build.0 = Debug|Any CPU
		{205B1BF4-5144-451D-8871-D333E02726C8}.Release|Any CPU.ActiveCfg = Release|Any CPU
		{205B1BF4-5144-451D-8871-D333E02726C8}.Release|Any CPU.Build.0 = Release|Any CPU
		{205B1BF4-5144-451D-8871-D333E02726C8}.Release|x64.ActiveCfg = Release|Any CPU
		{205B1BF4-5144-451D-8871-D333E02726C8}.Release|x64.Build.0 = Release|Any CPU
		{205B1BF4-5144-451D-8871-D333E02726C8}.Release|x86.ActiveCfg = Release|Any CPU
		{205B1BF4-5144-451D-8871-D333E02726C8}.Release|x86.Build.0 = Release|Any CPU
		{3E7ED5AC-1F83-4B97-846B-D8C003B88C8D}.Debug|Any CPU.ActiveCfg = Debug|Any CPU
		{3E7ED5AC-1F83-4B97-846B-D8C003B88C8D}.Debug|Any CPU.Build.0 = Debug|Any CPU
		{3E7ED5AC-1F83-4B97-846B-D8C003B88C8D}.Debug|x64.ActiveCfg = Debug|Any CPU
		{3E7ED5AC-1F83-4B97-846B-D8C003B88C8D}.Debug|x64.Build.0 = Debug|Any CPU
		{3E7ED5AC-1F83-4B97-846B-D8C003B88C8D}.Debug|x86.ActiveCfg = Debug|Any CPU
		{3E7ED5AC-1F83-4B97-846B-D8C003B88C8D}.Debug|x86.Build.0 = Debug|Any CPU
		{3E7ED5AC-1F83-4B97-846B-D8C003B88C8D}.Release|Any CPU.ActiveCfg = Release|Any CPU
		{3E7ED5AC-1F83-4B97-846B-D8C003B88C8D}.Release|Any CPU.Build.0 = Release|Any CPU
		{3E7ED5AC-1F83-4B97-846B-D8C003B88C8D}.Release|x64.ActiveCfg = Release|Any CPU
		{3E7ED5AC-1F83-4B97-846B-D8C003B88C8D}.Release|x64.Build.0 = Release|Any CPU
		{3E7ED5AC-1F83-4B97-846B-D8C003B88C8D}.Release|x86.ActiveCfg = Release|Any CPU
		{3E7ED5AC-1F83-4B97-846B-D8C003B88C8D}.Release|x86.Build.0 = Release|Any CPU
		{81BF2901-DC24-4252-8F1A-BA8F255F83DA}.Debug|Any CPU.ActiveCfg = Debug|Any CPU
		{81BF2901-DC24-4252-8F1A-BA8F255F83DA}.Debug|Any CPU.Build.0 = Debug|Any CPU
		{81BF2901-DC24-4252-8F1A-BA8F255F83DA}.Debug|x64.ActiveCfg = Debug|Any CPU
		{81BF2901-DC24-4252-8F1A-BA8F255F83DA}.Debug|x64.Build.0 = Debug|Any CPU
		{81BF2901-DC24-4252-8F1A-BA8F255F83DA}.Debug|x86.ActiveCfg = Debug|Any CPU
		{81BF2901-DC24-4252-8F1A-BA8F255F83DA}.Debug|x86.Build.0 = Debug|Any CPU
		{81BF2901-DC24-4252-8F1A-BA8F255F83DA}.Release|Any CPU.ActiveCfg = Release|Any CPU
		{81BF2901-DC24-4252-8F1A-BA8F255F83DA}.Release|Any CPU.Build.0 = Release|Any CPU
		{81BF2901-DC24-4252-8F1A-BA8F255F83DA}.Release|x64.ActiveCfg = Release|Any CPU
		{81BF2901-DC24-4252-8F1A-BA8F255F83DA}.Release|x64.Build.0 = Release|Any CPU
		{81BF2901-DC24-4252-8F1A-BA8F255F83DA}.Release|x86.ActiveCfg = Release|Any CPU
		{81BF2901-DC24-4252-8F1A-BA8F255F83DA}.Release|x86.Build.0 = Release|Any CPU
		{EB3DEABE-329B-4EEF-8A2D-6AA23570F434}.Debug|Any CPU.ActiveCfg = Debug|Any CPU
		{EB3DEABE-329B-4EEF-8A2D-6AA23570F434}.Debug|Any CPU.Build.0 = Debug|Any CPU
		{EB3DEABE-329B-4EEF-8A2D-6AA23570F434}.Debug|x64.ActiveCfg = Debug|Any CPU
		{EB3DEABE-329B-4EEF-8A2D-6AA23570F434}.Debug|x64.Build.0 = Debug|Any CPU
		{EB3DEABE-329B-4EEF-8A2D-6AA23570F434}.Debug|x86.ActiveCfg = Debug|Any CPU
		{EB3DEABE-329B-4EEF-8A2D-6AA23570F434}.Debug|x86.Build.0 = Debug|Any CPU
		{EB3DEABE-329B-4EEF-8A2D-6AA23570F434}.Release|Any CPU.ActiveCfg = Release|Any CPU
		{EB3DEABE-329B-4EEF-8A2D-6AA23570F434}.Release|Any CPU.Build.0 = Release|Any CPU
		{EB3DEABE-329B-4EEF-8A2D-6AA23570F434}.Release|x64.ActiveCfg = Release|Any CPU
		{EB3DEABE-329B-4EEF-8A2D-6AA23570F434}.Release|x64.Build.0 = Release|Any CPU
		{EB3DEABE-329B-4EEF-8A2D-6AA23570F434}.Release|x86.ActiveCfg = Release|Any CPU
		{EB3DEABE-329B-4EEF-8A2D-6AA23570F434}.Release|x86.Build.0 = Release|Any CPU
		{500944F3-E9BE-44B6-966F-04652695CEAE}.Debug|Any CPU.ActiveCfg = Debug|Any CPU
		{500944F3-E9BE-44B6-966F-04652695CEAE}.Debug|Any CPU.Build.0 = Debug|Any CPU
		{500944F3-E9BE-44B6-966F-04652695CEAE}.Debug|x64.ActiveCfg = Debug|Any CPU
		{500944F3-E9BE-44B6-966F-04652695CEAE}.Debug|x64.Build.0 = Debug|Any CPU
		{500944F3-E9BE-44B6-966F-04652695CEAE}.Debug|x86.ActiveCfg = Debug|Any CPU
		{500944F3-E9BE-44B6-966F-04652695CEAE}.Debug|x86.Build.0 = Debug|Any CPU
		{500944F3-E9BE-44B6-966F-04652695CEAE}.Release|Any CPU.ActiveCfg = Release|Any CPU
		{500944F3-E9BE-44B6-966F-04652695CEAE}.Release|Any CPU.Build.0 = Release|Any CPU
		{500944F3-E9BE-44B6-966F-04652695CEAE}.Release|x64.ActiveCfg = Release|Any CPU
		{500944F3-E9BE-44B6-966F-04652695CEAE}.Release|x64.Build.0 = Release|Any CPU
		{500944F3-E9BE-44B6-966F-04652695CEAE}.Release|x86.ActiveCfg = Release|Any CPU
		{500944F3-E9BE-44B6-966F-04652695CEAE}.Release|x86.Build.0 = Release|Any CPU
		{FF9911AC-392F-4DF9-A3A3-3A11CBEA37CC}.Debug|Any CPU.ActiveCfg = Debug|Any CPU
		{FF9911AC-392F-4DF9-A3A3-3A11CBEA37CC}.Debug|Any CPU.Build.0 = Debug|Any CPU
		{FF9911AC-392F-4DF9-A3A3-3A11CBEA37CC}.Debug|x64.ActiveCfg = Debug|Any CPU
		{FF9911AC-392F-4DF9-A3A3-3A11CBEA37CC}.Debug|x64.Build.0 = Debug|Any CPU
		{FF9911AC-392F-4DF9-A3A3-3A11CBEA37CC}.Debug|x86.ActiveCfg = Debug|Any CPU
		{FF9911AC-392F-4DF9-A3A3-3A11CBEA37CC}.Debug|x86.Build.0 = Debug|Any CPU
		{FF9911AC-392F-4DF9-A3A3-3A11CBEA37CC}.Release|Any CPU.ActiveCfg = Release|Any CPU
		{FF9911AC-392F-4DF9-A3A3-3A11CBEA37CC}.Release|Any CPU.Build.0 = Release|Any CPU
		{FF9911AC-392F-4DF9-A3A3-3A11CBEA37CC}.Release|x64.ActiveCfg = Release|Any CPU
		{FF9911AC-392F-4DF9-A3A3-3A11CBEA37CC}.Release|x64.Build.0 = Release|Any CPU
		{FF9911AC-392F-4DF9-A3A3-3A11CBEA37CC}.Release|x86.ActiveCfg = Release|Any CPU
		{FF9911AC-392F-4DF9-A3A3-3A11CBEA37CC}.Release|x86.Build.0 = Release|Any CPU
		{CF8F809B-360E-4E3B-8902-38D03284926A}.Debug|Any CPU.ActiveCfg = Debug|Any CPU
		{CF8F809B-360E-4E3B-8902-38D03284926A}.Debug|Any CPU.Build.0 = Debug|Any CPU
		{CF8F809B-360E-4E3B-8902-38D03284926A}.Debug|x64.ActiveCfg = Debug|Any CPU
		{CF8F809B-360E-4E3B-8902-38D03284926A}.Debug|x64.Build.0 = Debug|Any CPU
		{CF8F809B-360E-4E3B-8902-38D03284926A}.Debug|x86.ActiveCfg = Debug|Any CPU
		{CF8F809B-360E-4E3B-8902-38D03284926A}.Debug|x86.Build.0 = Debug|Any CPU
		{CF8F809B-360E-4E3B-8902-38D03284926A}.Release|Any CPU.ActiveCfg = Release|Any CPU
		{CF8F809B-360E-4E3B-8902-38D03284926A}.Release|Any CPU.Build.0 = Release|Any CPU
		{CF8F809B-360E-4E3B-8902-38D03284926A}.Release|x64.ActiveCfg = Release|Any CPU
		{CF8F809B-360E-4E3B-8902-38D03284926A}.Release|x64.Build.0 = Release|Any CPU
		{CF8F809B-360E-4E3B-8902-38D03284926A}.Release|x86.ActiveCfg = Release|Any CPU
		{CF8F809B-360E-4E3B-8902-38D03284926A}.Release|x86.Build.0 = Release|Any CPU
		{0F55619E-3F7B-4BC6-8E3F-5F4973DC1625}.Debug|Any CPU.ActiveCfg = Debug|Any CPU
		{0F55619E-3F7B-4BC6-8E3F-5F4973DC1625}.Debug|Any CPU.Build.0 = Debug|Any CPU
		{0F55619E-3F7B-4BC6-8E3F-5F4973DC1625}.Debug|x64.ActiveCfg = Debug|Any CPU
		{0F55619E-3F7B-4BC6-8E3F-5F4973DC1625}.Debug|x64.Build.0 = Debug|Any CPU
		{0F55619E-3F7B-4BC6-8E3F-5F4973DC1625}.Debug|x86.ActiveCfg = Debug|Any CPU
		{0F55619E-3F7B-4BC6-8E3F-5F4973DC1625}.Debug|x86.Build.0 = Debug|Any CPU
		{0F55619E-3F7B-4BC6-8E3F-5F4973DC1625}.Release|Any CPU.ActiveCfg = Release|Any CPU
		{0F55619E-3F7B-4BC6-8E3F-5F4973DC1625}.Release|Any CPU.Build.0 = Release|Any CPU
		{0F55619E-3F7B-4BC6-8E3F-5F4973DC1625}.Release|x64.ActiveCfg = Release|Any CPU
		{0F55619E-3F7B-4BC6-8E3F-5F4973DC1625}.Release|x64.Build.0 = Release|Any CPU
		{0F55619E-3F7B-4BC6-8E3F-5F4973DC1625}.Release|x86.ActiveCfg = Release|Any CPU
		{0F55619E-3F7B-4BC6-8E3F-5F4973DC1625}.Release|x86.Build.0 = Release|Any CPU
		{8FBA4A16-FCD7-4A6E-8096-2A583644D28B}.Debug|Any CPU.ActiveCfg = Debug|Any CPU
		{8FBA4A16-FCD7-4A6E-8096-2A583644D28B}.Debug|Any CPU.Build.0 = Debug|Any CPU
		{8FBA4A16-FCD7-4A6E-8096-2A583644D28B}.Debug|x64.ActiveCfg = Debug|Any CPU
		{8FBA4A16-FCD7-4A6E-8096-2A583644D28B}.Debug|x64.Build.0 = Debug|Any CPU
		{8FBA4A16-FCD7-4A6E-8096-2A583644D28B}.Debug|x86.ActiveCfg = Debug|Any CPU
		{8FBA4A16-FCD7-4A6E-8096-2A583644D28B}.Debug|x86.Build.0 = Debug|Any CPU
		{8FBA4A16-FCD7-4A6E-8096-2A583644D28B}.Release|Any CPU.ActiveCfg = Release|Any CPU
		{8FBA4A16-FCD7-4A6E-8096-2A583644D28B}.Release|Any CPU.Build.0 = Release|Any CPU
		{8FBA4A16-FCD7-4A6E-8096-2A583644D28B}.Release|x64.ActiveCfg = Release|Any CPU
		{8FBA4A16-FCD7-4A6E-8096-2A583644D28B}.Release|x64.Build.0 = Release|Any CPU
		{8FBA4A16-FCD7-4A6E-8096-2A583644D28B}.Release|x86.ActiveCfg = Release|Any CPU
		{8FBA4A16-FCD7-4A6E-8096-2A583644D28B}.Release|x86.Build.0 = Release|Any CPU
		{8591C647-D340-4078-9591-158ABA2DE729}.Debug|Any CPU.ActiveCfg = Debug|Any CPU
		{8591C647-D340-4078-9591-158ABA2DE729}.Debug|Any CPU.Build.0 = Debug|Any CPU
		{8591C647-D340-4078-9591-158ABA2DE729}.Debug|x64.ActiveCfg = Debug|Any CPU
		{8591C647-D340-4078-9591-158ABA2DE729}.Debug|x64.Build.0 = Debug|Any CPU
		{8591C647-D340-4078-9591-158ABA2DE729}.Debug|x86.ActiveCfg = Debug|Any CPU
		{8591C647-D340-4078-9591-158ABA2DE729}.Debug|x86.Build.0 = Debug|Any CPU
		{8591C647-D340-4078-9591-158ABA2DE729}.Release|Any CPU.ActiveCfg = Release|Any CPU
		{8591C647-D340-4078-9591-158ABA2DE729}.Release|Any CPU.Build.0 = Release|Any CPU
		{8591C647-D340-4078-9591-158ABA2DE729}.Release|x64.ActiveCfg = Release|Any CPU
		{8591C647-D340-4078-9591-158ABA2DE729}.Release|x64.Build.0 = Release|Any CPU
		{8591C647-D340-4078-9591-158ABA2DE729}.Release|x86.ActiveCfg = Release|Any CPU
		{8591C647-D340-4078-9591-158ABA2DE729}.Release|x86.Build.0 = Release|Any CPU
		{95A5650E-B991-40CD-AE77-5ACD7C1763A2}.Debug|Any CPU.ActiveCfg = Debug|Any CPU
		{95A5650E-B991-40CD-AE77-5ACD7C1763A2}.Debug|Any CPU.Build.0 = Debug|Any CPU
		{95A5650E-B991-40CD-AE77-5ACD7C1763A2}.Debug|x64.ActiveCfg = Debug|Any CPU
		{95A5650E-B991-40CD-AE77-5ACD7C1763A2}.Debug|x64.Build.0 = Debug|Any CPU
		{95A5650E-B991-40CD-AE77-5ACD7C1763A2}.Debug|x86.ActiveCfg = Debug|Any CPU
		{95A5650E-B991-40CD-AE77-5ACD7C1763A2}.Debug|x86.Build.0 = Debug|Any CPU
		{95A5650E-B991-40CD-AE77-5ACD7C1763A2}.Release|Any CPU.ActiveCfg = Release|Any CPU
		{95A5650E-B991-40CD-AE77-5ACD7C1763A2}.Release|Any CPU.Build.0 = Release|Any CPU
		{95A5650E-B991-40CD-AE77-5ACD7C1763A2}.Release|x64.ActiveCfg = Release|Any CPU
		{95A5650E-B991-40CD-AE77-5ACD7C1763A2}.Release|x64.Build.0 = Release|Any CPU
		{95A5650E-B991-40CD-AE77-5ACD7C1763A2}.Release|x86.ActiveCfg = Release|Any CPU
		{95A5650E-B991-40CD-AE77-5ACD7C1763A2}.Release|x86.Build.0 = Release|Any CPU
		{0F1A5BAA-F5D4-4802-81F0-B613A4D0E378}.Debug|Any CPU.ActiveCfg = Debug|Any CPU
		{0F1A5BAA-F5D4-4802-81F0-B613A4D0E378}.Debug|Any CPU.Build.0 = Debug|Any CPU
		{0F1A5BAA-F5D4-4802-81F0-B613A4D0E378}.Debug|x64.ActiveCfg = Debug|Any CPU
		{0F1A5BAA-F5D4-4802-81F0-B613A4D0E378}.Debug|x64.Build.0 = Debug|Any CPU
		{0F1A5BAA-F5D4-4802-81F0-B613A4D0E378}.Debug|x86.ActiveCfg = Debug|Any CPU
		{0F1A5BAA-F5D4-4802-81F0-B613A4D0E378}.Debug|x86.Build.0 = Debug|Any CPU
		{0F1A5BAA-F5D4-4802-81F0-B613A4D0E378}.Release|Any CPU.ActiveCfg = Release|Any CPU
		{0F1A5BAA-F5D4-4802-81F0-B613A4D0E378}.Release|Any CPU.Build.0 = Release|Any CPU
		{0F1A5BAA-F5D4-4802-81F0-B613A4D0E378}.Release|x64.ActiveCfg = Release|Any CPU
		{0F1A5BAA-F5D4-4802-81F0-B613A4D0E378}.Release|x64.Build.0 = Release|Any CPU
		{0F1A5BAA-F5D4-4802-81F0-B613A4D0E378}.Release|x86.ActiveCfg = Release|Any CPU
		{0F1A5BAA-F5D4-4802-81F0-B613A4D0E378}.Release|x86.Build.0 = Release|Any CPU
		{7DA631BB-D3AE-44DE-B8E5-ECEC259792E6}.Debug|Any CPU.ActiveCfg = Debug|Any CPU
		{7DA631BB-D3AE-44DE-B8E5-ECEC259792E6}.Debug|Any CPU.Build.0 = Debug|Any CPU
		{7DA631BB-D3AE-44DE-B8E5-ECEC259792E6}.Debug|x64.ActiveCfg = Debug|Any CPU
		{7DA631BB-D3AE-44DE-B8E5-ECEC259792E6}.Debug|x64.Build.0 = Debug|Any CPU
		{7DA631BB-D3AE-44DE-B8E5-ECEC259792E6}.Debug|x86.ActiveCfg = Debug|Any CPU
		{7DA631BB-D3AE-44DE-B8E5-ECEC259792E6}.Debug|x86.Build.0 = Debug|Any CPU
		{7DA631BB-D3AE-44DE-B8E5-ECEC259792E6}.Release|Any CPU.ActiveCfg = Release|Any CPU
		{7DA631BB-D3AE-44DE-B8E5-ECEC259792E6}.Release|Any CPU.Build.0 = Release|Any CPU
		{7DA631BB-D3AE-44DE-B8E5-ECEC259792E6}.Release|x64.ActiveCfg = Release|Any CPU
		{7DA631BB-D3AE-44DE-B8E5-ECEC259792E6}.Release|x64.Build.0 = Release|Any CPU
		{7DA631BB-D3AE-44DE-B8E5-ECEC259792E6}.Release|x86.ActiveCfg = Release|Any CPU
		{7DA631BB-D3AE-44DE-B8E5-ECEC259792E6}.Release|x86.Build.0 = Release|Any CPU
		{5B95FE3E-809C-48B5-AFE2-E57C481C810D}.Debug|Any CPU.ActiveCfg = Debug|Any CPU
		{5B95FE3E-809C-48B5-AFE2-E57C481C810D}.Debug|Any CPU.Build.0 = Debug|Any CPU
		{5B95FE3E-809C-48B5-AFE2-E57C481C810D}.Debug|x64.ActiveCfg = Debug|Any CPU
		{5B95FE3E-809C-48B5-AFE2-E57C481C810D}.Debug|x64.Build.0 = Debug|Any CPU
		{5B95FE3E-809C-48B5-AFE2-E57C481C810D}.Debug|x86.ActiveCfg = Debug|Any CPU
		{5B95FE3E-809C-48B5-AFE2-E57C481C810D}.Debug|x86.Build.0 = Debug|Any CPU
		{5B95FE3E-809C-48B5-AFE2-E57C481C810D}.Release|Any CPU.ActiveCfg = Release|Any CPU
		{5B95FE3E-809C-48B5-AFE2-E57C481C810D}.Release|Any CPU.Build.0 = Release|Any CPU
		{5B95FE3E-809C-48B5-AFE2-E57C481C810D}.Release|x64.ActiveCfg = Release|Any CPU
		{5B95FE3E-809C-48B5-AFE2-E57C481C810D}.Release|x64.Build.0 = Release|Any CPU
		{5B95FE3E-809C-48B5-AFE2-E57C481C810D}.Release|x86.ActiveCfg = Release|Any CPU
		{5B95FE3E-809C-48B5-AFE2-E57C481C810D}.Release|x86.Build.0 = Release|Any CPU
		{E2B1EF7B-AB97-49C9-8CDF-195F9EED72FF}.Debug|Any CPU.ActiveCfg = Debug|Any CPU
		{E2B1EF7B-AB97-49C9-8CDF-195F9EED72FF}.Debug|Any CPU.Build.0 = Debug|Any CPU
		{E2B1EF7B-AB97-49C9-8CDF-195F9EED72FF}.Debug|x64.ActiveCfg = Debug|Any CPU
		{E2B1EF7B-AB97-49C9-8CDF-195F9EED72FF}.Debug|x64.Build.0 = Debug|Any CPU
		{E2B1EF7B-AB97-49C9-8CDF-195F9EED72FF}.Debug|x86.ActiveCfg = Debug|Any CPU
		{E2B1EF7B-AB97-49C9-8CDF-195F9EED72FF}.Debug|x86.Build.0 = Debug|Any CPU
		{E2B1EF7B-AB97-49C9-8CDF-195F9EED72FF}.Release|Any CPU.ActiveCfg = Release|Any CPU
		{E2B1EF7B-AB97-49C9-8CDF-195F9EED72FF}.Release|Any CPU.Build.0 = Release|Any CPU
		{E2B1EF7B-AB97-49C9-8CDF-195F9EED72FF}.Release|x64.ActiveCfg = Release|Any CPU
		{E2B1EF7B-AB97-49C9-8CDF-195F9EED72FF}.Release|x64.Build.0 = Release|Any CPU
		{E2B1EF7B-AB97-49C9-8CDF-195F9EED72FF}.Release|x86.ActiveCfg = Release|Any CPU
		{E2B1EF7B-AB97-49C9-8CDF-195F9EED72FF}.Release|x86.Build.0 = Release|Any CPU
		{411BBE3D-8FDD-41A2-A3EC-1300E3DFD1CC}.Debug|Any CPU.ActiveCfg = Debug|Any CPU
		{411BBE3D-8FDD-41A2-A3EC-1300E3DFD1CC}.Debug|Any CPU.Build.0 = Debug|Any CPU
		{411BBE3D-8FDD-41A2-A3EC-1300E3DFD1CC}.Debug|x64.ActiveCfg = Debug|Any CPU
		{411BBE3D-8FDD-41A2-A3EC-1300E3DFD1CC}.Debug|x64.Build.0 = Debug|Any CPU
		{411BBE3D-8FDD-41A2-A3EC-1300E3DFD1CC}.Debug|x86.ActiveCfg = Debug|Any CPU
		{411BBE3D-8FDD-41A2-A3EC-1300E3DFD1CC}.Debug|x86.Build.0 = Debug|Any CPU
		{411BBE3D-8FDD-41A2-A3EC-1300E3DFD1CC}.Release|Any CPU.ActiveCfg = Release|Any CPU
		{411BBE3D-8FDD-41A2-A3EC-1300E3DFD1CC}.Release|Any CPU.Build.0 = Release|Any CPU
		{411BBE3D-8FDD-41A2-A3EC-1300E3DFD1CC}.Release|x64.ActiveCfg = Release|Any CPU
		{411BBE3D-8FDD-41A2-A3EC-1300E3DFD1CC}.Release|x64.Build.0 = Release|Any CPU
		{411BBE3D-8FDD-41A2-A3EC-1300E3DFD1CC}.Release|x86.ActiveCfg = Release|Any CPU
		{411BBE3D-8FDD-41A2-A3EC-1300E3DFD1CC}.Release|x86.Build.0 = Release|Any CPU
		{3C78828B-B4F0-4625-A529-52CB9166D352}.Debug|Any CPU.ActiveCfg = Debug|Any CPU
		{3C78828B-B4F0-4625-A529-52CB9166D352}.Debug|Any CPU.Build.0 = Debug|Any CPU
		{3C78828B-B4F0-4625-A529-52CB9166D352}.Debug|x64.ActiveCfg = Debug|Any CPU
		{3C78828B-B4F0-4625-A529-52CB9166D352}.Debug|x64.Build.0 = Debug|Any CPU
		{3C78828B-B4F0-4625-A529-52CB9166D352}.Debug|x86.ActiveCfg = Debug|Any CPU
		{3C78828B-B4F0-4625-A529-52CB9166D352}.Debug|x86.Build.0 = Debug|Any CPU
		{3C78828B-B4F0-4625-A529-52CB9166D352}.Release|Any CPU.ActiveCfg = Release|Any CPU
		{3C78828B-B4F0-4625-A529-52CB9166D352}.Release|Any CPU.Build.0 = Release|Any CPU
		{3C78828B-B4F0-4625-A529-52CB9166D352}.Release|x64.ActiveCfg = Release|Any CPU
		{3C78828B-B4F0-4625-A529-52CB9166D352}.Release|x64.Build.0 = Release|Any CPU
		{3C78828B-B4F0-4625-A529-52CB9166D352}.Release|x86.ActiveCfg = Release|Any CPU
		{3C78828B-B4F0-4625-A529-52CB9166D352}.Release|x86.Build.0 = Release|Any CPU
		{7871A462-E98B-47E3-B507-972CE6ADF2FF}.Debug|Any CPU.ActiveCfg = Debug|Any CPU
		{7871A462-E98B-47E3-B507-972CE6ADF2FF}.Debug|Any CPU.Build.0 = Debug|Any CPU
		{7871A462-E98B-47E3-B507-972CE6ADF2FF}.Debug|x64.ActiveCfg = Debug|Any CPU
		{7871A462-E98B-47E3-B507-972CE6ADF2FF}.Debug|x64.Build.0 = Debug|Any CPU
		{7871A462-E98B-47E3-B507-972CE6ADF2FF}.Debug|x86.ActiveCfg = Debug|Any CPU
		{7871A462-E98B-47E3-B507-972CE6ADF2FF}.Debug|x86.Build.0 = Debug|Any CPU
		{7871A462-E98B-47E3-B507-972CE6ADF2FF}.Release|Any CPU.ActiveCfg = Release|Any CPU
		{7871A462-E98B-47E3-B507-972CE6ADF2FF}.Release|Any CPU.Build.0 = Release|Any CPU
		{7871A462-E98B-47E3-B507-972CE6ADF2FF}.Release|x64.ActiveCfg = Release|Any CPU
		{7871A462-E98B-47E3-B507-972CE6ADF2FF}.Release|x64.Build.0 = Release|Any CPU
		{7871A462-E98B-47E3-B507-972CE6ADF2FF}.Release|x86.ActiveCfg = Release|Any CPU
		{7871A462-E98B-47E3-B507-972CE6ADF2FF}.Release|x86.Build.0 = Release|Any CPU
	EndGlobalSection
	GlobalSection(SolutionProperties) = preSolution
		HideSolutionNode = FALSE
	EndGlobalSection
	GlobalSection(NestedProjects) = preSolution
		{FFA41B22-DEEC-40BA-964C-00CE2C707DC5} = {827E0CD3-B72D-47B6-A68D-7590B98EB39B}
		{34D3E285-A53A-4F67-B1CD-8A7028AAFD1A} = {827E0CD3-B72D-47B6-A68D-7590B98EB39B}
		{205B1BF4-5144-451D-8871-D333E02726C8} = {827E0CD3-B72D-47B6-A68D-7590B98EB39B}
		{EC447DCF-ABFA-6E24-52A5-D7FD48A5C558} = {827E0CD3-B72D-47B6-A68D-7590B98EB39B}
		{3E7ED5AC-1F83-4B97-846B-D8C003B88C8D} = {EC447DCF-ABFA-6E24-52A5-D7FD48A5C558}
		{81BF2901-DC24-4252-8F1A-BA8F255F83DA} = {0AB3BF05-4346-4AA6-1389-037BE0695223}
		{EB3DEABE-329B-4EEF-8A2D-6AA23570F434} = {CA253913-39DE-BFD0-C9A3-4B7EC6FBDF17}
		{500944F3-E9BE-44B6-966F-04652695CEAE} = {0AB3BF05-4346-4AA6-1389-037BE0695223}
		{FF9911AC-392F-4DF9-A3A3-3A11CBEA37CC} = {CA253913-39DE-BFD0-C9A3-4B7EC6FBDF17}
		{CF8F809B-360E-4E3B-8902-38D03284926A} = {CA253913-39DE-BFD0-C9A3-4B7EC6FBDF17}
		{0F55619E-3F7B-4BC6-8E3F-5F4973DC1625} = {0AB3BF05-4346-4AA6-1389-037BE0695223}
		{8FBA4A16-FCD7-4A6E-8096-2A583644D28B} = {0AB3BF05-4346-4AA6-1389-037BE0695223}
		{8591C647-D340-4078-9591-158ABA2DE729} = {CA253913-39DE-BFD0-C9A3-4B7EC6FBDF17}
		{95A5650E-B991-40CD-AE77-5ACD7C1763A2} = {CA253913-39DE-BFD0-C9A3-4B7EC6FBDF17}
		{0F1A5BAA-F5D4-4802-81F0-B613A4D0E378} = {0AB3BF05-4346-4AA6-1389-037BE0695223}
		{7DA631BB-D3AE-44DE-B8E5-ECEC259792E6} = {0AB3BF05-4346-4AA6-1389-037BE0695223}
		{5B95FE3E-809C-48B5-AFE2-E57C481C810D} = {CA253913-39DE-BFD0-C9A3-4B7EC6FBDF17}
		{E2B1EF7B-AB97-49C9-8CDF-195F9EED72FF} = {CA253913-39DE-BFD0-C9A3-4B7EC6FBDF17}
		{411BBE3D-8FDD-41A2-A3EC-1300E3DFD1CC} = {0AB3BF05-4346-4AA6-1389-037BE0695223}
		{3C78828B-B4F0-4625-A529-52CB9166D352} = {EC447DCF-ABFA-6E24-52A5-D7FD48A5C558}
		{7871A462-E98B-47E3-B507-972CE6ADF2FF} = {EC447DCF-ABFA-6E24-52A5-D7FD48A5C558}
	EndGlobalSection
EndGlobal
